
Microsoft Visual Studio Solution File, Format Version 12.00
# Visual Studio Version 17
VisualStudioVersion = 17.1.32228.430
MinimumVisualStudioVersion = 10.0.40219.1
Project("{9A19103F-16F7-4668-BE54-9A1E7A4F7556}") = "WPFApp", "WPFApp\WPFApp.csproj", "{B1BD7087-F0E6-442A-B003-8C84DBBA73A0}"
EndProject
Project("{9A19103F-16F7-4668-BE54-9A1E7A4F7556}") = "UnitTests", "UnitTests\UnitTests.csproj", "{13A53C05-B4A4-4629-870F-5BAC688D51B8}"
EndProject
Project("{9A19103F-16F7-4668-BE54-9A1E7A4F7556}") = "ViewModels", "ViewModels\ViewModels.csproj", "{F37F8C97-D60E-4582-B4D3-FDA3834B2F53}"
EndProject
Project("{9A19103F-16F7-4668-BE54-9A1E7A4F7556}") = "ViewsWpf", "ViewsWpf\ViewsWpf.csproj", "{0318F58A-0258-45FE-B8E0-77D3AD92E16B}"
EndProject
Project("{9A19103F-16F7-4668-BE54-9A1E7A4F7556}") = "Services", "Services\Services.csproj", "{34468BBE-7ABB-4A9E-A1AB-440F19A6A1F4}"
EndProject
Project("{9A19103F-16F7-4668-BE54-9A1E7A4F7556}") = "Interfaces", "Interfaces\Interfaces.csproj", "{98962DD5-68F0-4296-B700-149A07D7BC46}"
EndProject
Project("{9A19103F-16F7-4668-BE54-9A1E7A4F7556}") = "Models", "Models\Models.csproj", "{F2036E9B-0CBB-4D82-BFBD-F4EB3CD5E6F0}"
EndProject
Project("{FAE04EC0-301F-11D3-BF4B-00C04F79EFBC}") = "AppInitWpf", "AppInitWpf\AppInitWpf.csproj", "{16162522-1E8E-4C62-BDB2-DAC88F04B07D}"
EndProject
Global
	GlobalSection(SolutionConfigurationPlatforms) = preSolution
		Debug|Any CPU = Debug|Any CPU
		Release|Any CPU = Release|Any CPU
	EndGlobalSection
	GlobalSection(ProjectConfigurationPlatforms) = postSolution
		{B1BD7087-F0E6-442A-B003-8C84DBBA73A0}.Debug|Any CPU.ActiveCfg = Debug|Any CPU
		{B1BD7087-F0E6-442A-B003-8C84DBBA73A0}.Debug|Any CPU.Build.0 = Debug|Any CPU
		{B1BD7087-F0E6-442A-B003-8C84DBBA73A0}.Release|Any CPU.ActiveCfg = Release|Any CPU
		{B1BD7087-F0E6-442A-B003-8C84DBBA73A0}.Release|Any CPU.Build.0 = Release|Any CPU
		{13A53C05-B4A4-4629-870F-5BAC688D51B8}.Debug|Any CPU.ActiveCfg = Debug|Any CPU
		{13A53C05-B4A4-4629-870F-5BAC688D51B8}.Debug|Any CPU.Build.0 = Debug|Any CPU
		{13A53C05-B4A4-4629-870F-5BAC688D51B8}.Release|Any CPU.ActiveCfg = Release|Any CPU
		{13A53C05-B4A4-4629-870F-5BAC688D51B8}.Release|Any CPU.Build.0 = Release|Any CPU
		{F37F8C97-D60E-4582-B4D3-FDA3834B2F53}.Debug|Any CPU.ActiveCfg = Debug|Any CPU
		{F37F8C97-D60E-4582-B4D3-FDA3834B2F53}.Debug|Any CPU.Build.0 = Debug|Any CPU
		{F37F8C97-D60E-4582-B4D3-FDA3834B2F53}.Release|Any CPU.ActiveCfg = Release|Any CPU
		{F37F8C97-D60E-4582-B4D3-FDA3834B2F53}.Release|Any CPU.Build.0 = Release|Any CPU
		{0318F58A-0258-45FE-B8E0-77D3AD92E16B}.Debug|Any CPU.ActiveCfg = Debug|Any CPU
		{0318F58A-0258-45FE-B8E0-77D3AD92E16B}.Debug|Any CPU.Build.0 = Debug|Any CPU
		{0318F58A-0258-45FE-B8E0-77D3AD92E16B}.Release|Any CPU.ActiveCfg = Release|Any CPU
		{0318F58A-0258-45FE-B8E0-77D3AD92E16B}.Release|Any CPU.Build.0 = Release|Any CPU
		{34468BBE-7ABB-4A9E-A1AB-440F19A6A1F4}.Debug|Any CPU.ActiveCfg = Debug|Any CPU
		{34468BBE-7ABB-4A9E-A1AB-440F19A6A1F4}.Debug|Any CPU.Build.0 = Debug|Any CPU
		{34468BBE-7ABB-4A9E-A1AB-440F19A6A1F4}.Release|Any CPU.ActiveCfg = Release|Any CPU
		{34468BBE-7ABB-4A9E-A1AB-440F19A6A1F4}.Release|Any CPU.Build.0 = Release|Any CPU
		{98962DD5-68F0-4296-B700-149A07D7BC46}.Debug|Any CPU.ActiveCfg = Debug|Any CPU
		{98962DD5-68F0-4296-B700-149A07D7BC46}.Debug|Any CPU.Build.0 = Debug|Any CPU
		{98962DD5-68F0-4296-B700-149A07D7BC46}.Release|Any CPU.ActiveCfg = Release|Any CPU
		{98962DD5-68F0-4296-B700-149A07D7BC46}.Release|Any CPU.Build.0 = Release|Any CPU
		{F2036E9B-0CBB-4D82-BFBD-F4EB3CD5E6F0}.Debug|Any CPU.ActiveCfg = Debug|Any CPU
		{F2036E9B-0CBB-4D82-BFBD-F4EB3CD5E6F0}.Debug|Any CPU.Build.0 = Debug|Any CPU
		{F2036E9B-0CBB-4D82-BFBD-F4EB3CD5E6F0}.Release|Any CPU.ActiveCfg = Release|Any CPU
		{F2036E9B-0CBB-4D82-BFBD-F4EB3CD5E6F0}.Release|Any CPU.Build.0 = Release|Any CPU
		{16162522-1E8E-4C62-BDB2-DAC88F04B07D}.Debug|Any CPU.ActiveCfg = Debug|Any CPU
		{16162522-1E8E-4C62-BDB2-DAC88F04B07D}.Debug|Any CPU.Build.0 = Debug|Any CPU
		{16162522-1E8E-4C62-BDB2-DAC88F04B07D}.Release|Any CPU.ActiveCfg = Release|Any CPU
		{16162522-1E8E-4C62-BDB2-DAC88F04B07D}.Release|Any CPU.Build.0 = Release|Any CPU
	EndGlobalSection
	GlobalSection(SolutionProperties) = preSolution
		HideSolutionNode = FALSE
	EndGlobalSection
	GlobalSection(ExtensibilityGlobals) = postSolution
		SolutionGuid = {8017C8B8-4CC5-4641-8C87-DAE354105454}
	EndGlobalSection
EndGlobal
